
Microsoft Visual Studio Solution File, Format Version 12.00
# Visual Studio Version 17
VisualStudioVersion = 17.11.35327.3
MinimumVisualStudioVersion = 15.0.26124.0
Project("{9A19103F-16F7-4668-BE54-9A1E7A4F7556}") = "Life", "Life\Life.csproj", "{553EF050-2D6A-4BFA-9E64-165BEBEF9B01}"
EndProject
Project("{FAE04EC0-301F-11D3-BF4B-00C04F79EFBC}") = "Test", "Test\Test.csproj", "{9E5928D8-A3E9-4688-BAA9-ADF35EAD8DEB}"
	ProjectSection(ProjectDependencies) = postProject
		{553EF050-2D6A-4BFA-9E64-165BEBEF9B01} = {553EF050-2D6A-4BFA-9E64-165BEBEF9B01}
	EndProjectSection
EndProject
Global
	GlobalSection(SolutionConfigurationPlatforms) = preSolution
		Debug|Any CPU = Debug|Any CPU
		Debug|x64 = Debug|x64
		Debug|x86 = Debug|x86
		Release|Any CPU = Release|Any CPU
		Release|x64 = Release|x64
		Release|x86 = Release|x86
	EndGlobalSection
	GlobalSection(ProjectConfigurationPlatforms) = postSolution
		{553EF050-2D6A-4BFA-9E64-165BEBEF9B01}.Debug|Any CPU.ActiveCfg = Debug|Any CPU
		{553EF050-2D6A-4BFA-9E64-165BEBEF9B01}.Debug|Any CPU.Build.0 = Debug|Any CPU
		{553EF050-2D6A-4BFA-9E64-165BEBEF9B01}.Debug|x64.ActiveCfg = Debug|Any CPU
		{553EF050-2D6A-4BFA-9E64-165BEBEF9B01}.Debug|x64.Build.0 = Debug|Any CPU
		{553EF050-2D6A-4BFA-9E64-165BEBEF9B01}.Debug|x86.ActiveCfg = Debug|Any CPU
		{553EF050-2D6A-4BFA-9E64-165BEBEF9B01}.Debug|x86.Build.0 = Debug|Any CPU
		{553EF050-2D6A-4BFA-9E64-165BEBEF9B01}.Release|Any CPU.ActiveCfg = Release|Any CPU
		{553EF050-2D6A-4BFA-9E64-165BEBEF9B01}.Release|Any CPU.Build.0 = Release|Any CPU
		{553EF050-2D6A-4BFA-9E64-165BEBEF9B01}.Release|x64.ActiveCfg = Release|Any CPU
		{553EF050-2D6A-4BFA-9E64-165BEBEF9B01}.Release|x64.Build.0 = Release|Any CPU
		{553EF050-2D6A-4BFA-9E64-165BEBEF9B01}.Release|x86.ActiveCfg = Release|Any CPU
		{553EF050-2D6A-4BFA-9E64-165BEBEF9B01}.Release|x86.Build.0 = Release|Any CPU
		{9E5928D8-A3E9-4688-BAA9-ADF35EAD8DEB}.Debug|Any CPU.ActiveCfg = Debug|Any CPU
		{9E5928D8-A3E9-4688-BAA9-ADF35EAD8DEB}.Debug|Any CPU.Build.0 = Debug|Any CPU
		{9E5928D8-A3E9-4688-BAA9-ADF35EAD8DEB}.Debug|x64.ActiveCfg = Debug|Any CPU
		{9E5928D8-A3E9-4688-BAA9-ADF35EAD8DEB}.Debug|x64.Build.0 = Debug|Any CPU
		{9E5928D8-A3E9-4688-BAA9-ADF35EAD8DEB}.Debug|x86.ActiveCfg = Debug|Any CPU
		{9E5928D8-A3E9-4688-BAA9-ADF35EAD8DEB}.Debug|x86.Build.0 = Debug|Any CPU
		{9E5928D8-A3E9-4688-BAA9-ADF35EAD8DEB}.Release|Any CPU.ActiveCfg = Release|Any CPU
		{9E5928D8-A3E9-4688-BAA9-ADF35EAD8DEB}.Release|Any CPU.Build.0 = Release|Any CPU
		{9E5928D8-A3E9-4688-BAA9-ADF35EAD8DEB}.Release|x64.ActiveCfg = Release|Any CPU
		{9E5928D8-A3E9-4688-BAA9-ADF35EAD8DEB}.Release|x64.Build.0 = Release|Any CPU
		{9E5928D8-A3E9-4688-BAA9-ADF35EAD8DEB}.Release|x86.ActiveCfg = Release|Any CPU
		{9E5928D8-A3E9-4688-BAA9-ADF35EAD8DEB}.Release|x86.Build.0 = Release|Any CPU
	EndGlobalSection
	GlobalSection(SolutionProperties) = preSolution
		HideSolutionNode = FALSE
	EndGlobalSection
	GlobalSection(ExtensibilityGlobals) = postSolution
		SolutionGuid = {B5CDD9EF-8A26-4784-8921-0F4514502273}
	EndGlobalSection
EndGlobal
